id: verilator_axis
label: AXI-Stream 32
category: '[Verilator]'

templates:
  imports: from gnuradio import verilator
  make: verilator.axis_${type.fcn}(${verilogfile}, io_ratio=${io_ratio}, options=${voptions}, trace=${trace})

parameters:
- id: type
  label: IO Type
  dtype: enum
  options: [Integer->Integer, Cmplex(int16)->Complex(int16), Complex(int16)->Integer]
  option_attributes:
    fcn: [ii, ii, ii]
    input: [int, sc16, sc16]
    output: [int, sc16, int]

- id: verilogfile
  label: Verilog File
  dtype: file_open

- id: io_ratio
  label: IO Ratio
  dtype: real
  default: '1.0'

- id: voptions
  label: Verilator options
  dtype: raw
  default: []

- id: trace
  label: Trace
  dtype: enum
  default: 'False'
  options: ['False', 'True']
  option_labels: ['No', 'Yes']

inputs:
- domain: stream
  dtype: ${type.input}

outputs:
- domain: stream
  dtype: ${type.output}


file_format: 1
